// !$*UTF8*$!
{
	archiveVersion = 1;
	classes = {
	};
	objectVersion = 46;
	objects = {

/* Begin PBXBuildFile section */
		6E84F4C61E049C3A00D4E603 /* AppDelegate.swift in Sources */ = {isa = PBXBuildFile; fileRef = 6E84F4C51E049C3A00D4E603 /* AppDelegate.swift */; };
		6E84F4C81E049C3A00D4E603 /* ViewController.swift in Sources */ = {isa = PBXBuildFile; fileRef = 6E84F4C71E049C3A00D4E603 /* ViewController.swift */; };
		6E84F4CB1E049C3A00D4E603 /* Main.storyboard in Resources */ = {isa = PBXBuildFile; fileRef = 6E84F4C91E049C3A00D4E603 /* Main.storyboard */; };
		6E84F4CE1E049C3A00D4E603 /* Final_Fantasy_Trivia.xcdatamodeld in Sources */ = {isa = PBXBuildFile; fileRef = 6E84F4CC1E049C3A00D4E603 /* Final_Fantasy_Trivia.xcdatamodeld */; };
		6E84F4D01E049C3A00D4E603 /* Assets.xcassets in Resources */ = {isa = PBXBuildFile; fileRef = 6E84F4CF1E049C3A00D4E603 /* Assets.xcassets */; };
		6E84F4D31E049C3A00D4E603 /* LaunchScreen.storyboard in Resources */ = {isa = PBXBuildFile; fileRef = 6E84F4D11E049C3A00D4E603 /* LaunchScreen.storyboard */; };
/* End PBXBuildFile section */

/* Begin PBXFileReference section */
		6E84F4C21E049C3A00D4E603 /* Final Fantasy Trivia.app */ = {isa = PBXFileReference; explicitFileType = wrapper.application; includeInIndex = 0; path = "Final Fantasy Trivia.app"; sourceTree = BUILT_PRODUCTS_DIR; };
		6E84F4C51E049C3A00D4E603 /* AppDelegate.swift */ = {isa = PBXFileReference; lastKnownFileType = sourcecode.swift; path = AppDelegate.swift; sourceTree = "<group>"; };
		6E84F4C71E049C3A00D4E603 /* ViewController.swift */ = {isa = PBXFileReference; lastKnownFileType = sourcecode.swift; path = ViewController.swift; sourceTree = "<group>"; };
		6E84F4CA1E049C3A00D4E603 /* Base */ = {isa = PBXFileReference; lastKnownFileType = file.storyboard; name = Base; path = Base.lproj/Main.storyboard; sourceTree = "<group>"; };
		6E84F4CD1E049C3A00D4E603 /* Final_Fantasy_Trivia.xcdatamodel */ = {isa = PBXFileReference; lastKnownFileType = wrapper.xcdatamodel; path = Final_Fantasy_Trivia.xcdatamodel; sourceTree = "<group>"; };
		6E84F4CF1E049C3A00D4E603 /* Assets.xcassets */ = {isa = PBXFileReference; lastKnownFileType = folder.assetcatalog; path = Assets.xcassets; sourceTree = "<group>"; };
		6E84F4D21E049C3A00D4E603 /* Base */ = {isa = PBXFileReference; lastKnownFileType = file.storyboard; name = Base; path = Base.lproj/LaunchScreen.storyboard; sourceTree = "<group>"; };
		6E84F4D41E049C3A00D4E603 /* Info.plist */ = {isa = PBXFileReference; lastKnownFileType = text.plist.xml; path = Info.plist; sourceTree = "<group>"; };
/* End PBXFileReference section */

/* Begin PBXFrameworksBuildPhase section */
		6E84F4BF1E049C3A00D4E603 /* Frameworks */ = {
			isa = PBXFrameworksBuildPhase;
			buildActionMask = 2147483647;
			files = (
			);
			runOnlyForDeploymentPostprocessing = 0;
		};
/* End PBXFrameworksBuildPhase section */

/* Begin PBXGroup section */
		6E84F4B91E049C3A00D4E603 = {
			isa = PBXGroup;
			children = (
				6E84F4C41E049C3A00D4E603 /* Final Fantasy Trivia */,
				6E84F4C31E049C3A00D4E603 /* Products */,
			);
			sourceTree = "<group>";
		};
		6E84F4C31E049C3A00D4E603 /* Products */ = {
			isa = PBXGroup;
			children = (
				6E84F4C21E049C3A00D4E603 /* Final Fantasy Trivia.app */,
			);
			name = Products;
			sourceTree = "<group>";
		};
		6E84F4C41E049C3A00D4E603 /* Final Fantasy Trivia */ = {
			isa = PBXGroup;
			children = (
				6E84F4C51E049C3A00D4E603 /* AppDelegate.swift */,
				6E84F4C71E049C3A00D4E603 /* ViewController.swift */,
				6E84F4C91E049C3A00D4E603 /* Main.storyboard */,
				6E84F4CF1E049C3A00D4E603 /* Assets.xcassets */,
				6E84F4D11E049C3A00D4E603 /* LaunchScreen.storyboard */,
				6E84F4D41E049C3A00D4E603 /* Info.plist */,
				6E84F4CC1E049C3A00D4E603 /* Final_Fantasy_Trivia.xcdatamodeld */,
			);
			path = "Final Fantasy Trivia";
			sourceTree = "<group>";
		};
/* End PBXGroup section */

/* Begin PBXNativeTarget section */
		6E84F4C11E049C3A00D4E603 /* Final Fantasy Trivia */ = {
			isa = PBXNativeTarget;
			buildConfigurationList = 6E84F4D71E049C3A00D4E603 /* Build configuration list for PBXNativeTarget "Final Fantasy Trivia" */;
			buildPhases = (
				6E84F4BE1E049C3A00D4E603 /* Sources */,
				6E84F4BF1E049C3A00D4E603 /* Frameworks */,
				6E84F4C01E049C3A00D4E603 /* Resources */,
			);
			buildRules = (
			);
			dependencies = (
			);
			name = "Final Fantasy Trivia";
			productName = "Final Fantasy Trivia";
			productReference = 6E84F4C21E049C3A00D4E603 /* Final Fantasy Trivia.app */;
			productType = "com.apple.product-type.application";
		};
/* End PBXNativeTarget section */

/* Begin PBXProject section */
		6E84F4BA1E049C3A00D4E603 /* Project object */ = {
			isa = PBXProject;
			attributes = {
				LastSwiftUpdateCheck = 0820;
				LastUpgradeCheck = 0820;
				ORGANIZATIONNAME = "Harold Davis";
				TargetAttributes = {
					6E84F4C11E049C3A00D4E603 = {
						CreatedOnToolsVersion = 8.2;
						DevelopmentTeam = AJZ8YNH2N6;
						ProvisioningStyle = Automatic;
					};
				};
			};
			buildConfigurationList = 6E84F4BD1E049C3A00D4E603 /* Build configuration list for PBXProject "Final Fantasy Trivia" */;
			compatibilityVersion = "Xcode 3.2";
			developmentRegion = English;
			hasScannedForEncodings = 0;
			knownRegions = (
				en,
				Base,
			);
			mainGroup = 6E84F4B91E049C3A00D4E603;
			productRefGroup = 6E84F4C31E049C3A00D4E603 /* Products */;
			projectDirPath = "";
			projectRoot = "";
			targets = (
				6E84F4C11E049C3A00D4E603 /* Final Fantasy Trivia */,
			);
		};
/* End PBXProject section */

/* Begin PBXResourcesBuildPhase section */
		6E84F4C01E049C3A00D4E603 /* Resources */ = {
			isa = PBXResourcesBuildPhase;
			buildActionMask = 2147483647;
			files = (
				6E84F4D31E049C3A00D4E603 /* LaunchScreen.storyboard in Resources */,
				6E84F4D01E049C3A00D4E603 /* Assets.xcassets in Resources */,
				6E84F4CB1E049C3A00D4E603 /* Main.storyboard in Resources */,
			);
			runOnlyForDeploymentPostprocessing = 0;
		};
/* End PBXResourcesBuildPhase section */

/* Begin PBXSourcesBuildPhase section */
		6E84F4BE1E049C3A00D4E603 /* Sources */ = {
			isa = PBXSourcesBuildPhase;
			buildActionMask = 2147483647;
			files = (
				6E84F4CE1E049C3A00D4E603 /* Final_Fantasy_Trivia.xcdatamodeld in Sources */,
				6E84F4C81E049C3A00D4E603 /* ViewController.swift in Sources */,
				6E84F4C61E049C3A00D4E603 /* AppDelegate.swift in Sources */,
			);
			runOnlyForDeploymentPostprocessing = 0;
		};
/* End PBXSourcesBuildPhase section */

/* Begin PBXVariantGroup section */
		6E84F4C91E049C3A00D4E603 /* Main.storyboard */ = {
			isa = PBXVariantGroup;
			children = (
				6E84F4CA1E049C3A00D4E603 /* Base */,
			);
			name = Main.storyboard;
			sourceTree = "<group>";
		};
		6E84F4D11E049C3A00D4E603 /* LaunchScreen.storyboard */ = {
			isa = PBXVariantGroup;
			children = (
				6E84F4D21E049C3A00D4E603 /* Base */,
			);
			name = LaunchScreen.storyboard;
			sourceTree = "<group>";
		};
/* End PBXVariantGroup section */

/* Begin XCBuildConfiguration section */
		6E84F4D51E049C3A00D4E603 /* Debug */ = {
			isa = XCBuildConfiguration;
			buildSettings = {
				ALWAYS_SEARCH_USER_PATHS = NO;
				CLANG_ANALYZER_NONNULL = YES;
				CLANG_CXX_LANGUAGE_STANDARD = "gnu++0x";
				CLANG_CXX_LIBRARY = "libc++";
				CLANG_ENABLE_MODULES = YES;
				CLANG_ENABLE_OBJC_ARC = YES;
				CLANG_WARN_BOOL_CONVERSION = YES;
				CLANG_WARN_CONSTANT_CONVERSION = YES;
				CLANG_WARN_DIRECT_OBJC_ISA_USAGE = YES_ERROR;
				CLANG_WARN_DOCUMENTATION_COMMENTS = YES;
				CLANG_WARN_EMPTY_BODY = YES;
				CLANG_WARN_ENUM_CONVERSION = YES;
				CLANG_WARN_INFINITE_RECURSION = YES;
				CLANG_WARN_INT_CONVERSION = YES;
				CLANG_WARN_OBJC_ROOT_CLASS = YES_ERROR;
				CLANG_WARN_SUSPICIOUS_MOVE = YES;
				CLANG_WARN_UNREACHABLE_CODE = YES;
				CLANG_WARN__DUPLICATE_METHOD_MATCH = YES;
				"CODE_SIGN_IDENTITY[sdk=iphoneos*]" = "iPhone Developer";
				COPY_PHASE_STRIP = NO;
				DEBUG_INFORMATION_FORMAT = dwarf;
				ENABLE_STRICT_OBJC_MSGSEND = YES;
				ENABLE_TESTABILITY = YES;
				GCC_C_LANGUAGE_STANDARD = gnu99;
				GCC_DYNAMIC_NO_PIC = NO;
				GCC_NO_COMMON_BLOCKS = YES;
				GCC_OPTIMIZATION_LEVEL = 0;
				GCC_PREPROCESSOR_DEFINITIONS = (
					"DEBUG=1",
					"$(inherited)",
				);
				GCC_WARN_64_TO_32_BIT_CONVERSION = YES;
				GCC_WARN_ABOUT_RETURN_TYPE = YES_ERROR;
				GCC_WARN_UNDECLARED_SELECTOR = YES;
				GCC_WARN_UNINITIALIZED_AUTOS = YES_AGGRESSIVE;
				GCC_WARN_UNUSED_FUNCTION = YES;
				GCC_WARN_UNUSED_VARIABLE = YES;
				IPHONEOS_DEPLOYMENT_TARGET = 10.2;
				MTL_ENABLE_DEBUG_INFO = YES;
				ONLY_ACTIVE_ARCH = YES;
				SDKROOT = iphoneos;
				SWIFT_ACTIVE_COMPILATION_CONDITIONS = DEBUG;
				SWIFT_OPTIMIZATION_LEVEL = "-Onone";
			};
			name = Debug;
		};
		6E84F4D61E049C3A00D4E603 /* Release */ = {
			isa = XCBuildConfiguration;
			buildSettings = {
				ALWAYS_SEARCH_USER_PATHS = NO;
				CLANG_ANALYZER_NONNULL = YES;
				CLANG_CXX_LANGUAGE_STANDARD = "gnu++0x";
				CLANG_CXX_LIBRARY = "libc++";
				CLANG_ENABLE_MODULES = YES;
				CLANG_ENABLE_OBJC_ARC = YES;
				CLANG_WARN_BOOL_CONVERSION = YES;
				CLANG_WARN_CONSTANT_CONVERSION = YES;
				CLANG_WARN_DIRECT_OBJC_ISA_USAGE = YES_ERROR;
				CLANG_WARN_DOCUMENTATION_COMMENTS = YES;
				CLANG_WARN_EMPTY_BODY = YES;
				CLANG_WARN_ENUM_CONVERSION = YES;
				CLANG_WARN_INFINITE_RECURSION = YES;
				CLANG_WARN_INT_CONVERSION = YES;
				CLANG_WARN_OBJC_ROOT_CLASS = YES_ERROR;
				CLANG_WARN_SUSPICIOUS_MOVE = YES;
				CLANG_WARN_UNREACHABLE_CODE = YES;
				CLANG_WARN__DUPLICATE_METHOD_MATCH = YES;
				"CODE_SIGN_IDENTITY[sdk=iphoneos*]" = "iPhone Developer";
				COPY_PHASE_STRIP = NO;
				DEBUG_INFORMATION_FORMAT = "dwarf-with-dsym";
				ENABLE_NS_ASSERTIONS = NO;
				ENABLE_STRICT_OBJC_MSGSEND = YES;
				GCC_C_LANGUAGE_STANDARD = gnu99;
				GCC_NO_COMMON_BLOCKS = YES;
				GCC_WARN_64_TO_32_BIT_CONVERSION = YES;
				GCC_WARN_ABOUT_RETURN_TYPE = YES_ERROR;
				GCC_WARN_UNDECLARED_SELECTOR = YES;
				GCC_WARN_UNINITIALIZED_AUTOS = YES_AGGRESSIVE;
				GCC_WARN_UNUSED_FUNCTION = YES;
				GCC_WARN_UNUSED_VARIABLE = YES;
				IPHONEOS_DEPLOYMENT_TARGET = 10.2;
				MTL_ENABLE_DEBUG_INFO = NO;
				SDKROOT = iphoneos;
				SWIFT_OPTIMIZATION_LEVEL = "-Owholemodule";
				VALIDATE_PRODUCT = YES;
			};
			name = Release;
		};
		6E84F4D81E049C3A00D4E603 /* Debug */ = {
			isa = XCBuildConfiguration;
			buildSettings = {
				ASSETCATALOG_COMPILER_APPICON_NAME = AppIcon;
				DEVELOPMENT_TEAM = AJZ8YNH2N6;
				INFOPLIST_FILE = "Final Fantasy Trivia/Info.plist";
				LD_RUNPATH_SEARCH_PATHS = "$(inherited) @executable_path/Frameworks";
				PRODUCT_BUNDLE_IDENTIFIER = "SmartCiti.Final-Fantasy-Trivia";
				PRODUCT_NAME = "$(TARGET_NAME)";
				SWIFT_VERSION = 3.0;
			};
			name = Debug;
		};
		6E84F4D91E049C3A00D4E603 /* Release */ = {
			isa = XCBuildConfiguration;
			buildSettings = {
				ASSETCATALOG_COMPILER_APPICON_NAME = AppIcon;
				DEVELOPMENT_TEAM = AJZ8YNH2N6;
				INFOPLIST_FILE = "Final Fantasy Trivia/Info.plist";
				LD_RUNPATH_SEARCH_PATHS = "$(inherited) @executable_path/Frameworks";
				PRODUCT_BUNDLE_IDENTIFIER = "SmartCiti.Final-Fantasy-Trivia";
				PRODUCT_NAME = "$(TARGET_NAME)";
				SWIFT_VERSION = 3.0;
			};
			name = Release;
		};
/* End XCBuildConfiguration section */

/* Begin XCConfigurationList section */
		6E84F4BD1E049C3A00D4E603 /* Build configuration list for PBXProject "Final Fantasy Trivia" */ = {
			isa = XCConfigurationList;
			buildConfigurations = (
				6E84F4D51E049C3A00D4E603 /* Debug */,
				6E84F4D61E049C3A00D4E603 /* Release */,
			);
			defaultConfigurationIsVisible = 0;
			defaultConfigurationName = Release;
		};
		6E84F4D71E049C3A00D4E603 /* Build configuration list for PBXNativeTarget "Final Fantasy Trivia" */ = {
			isa = XCConfigurationList;
			buildConfigurations = (
				6E84F4D81E049C3A00D4E603 /* Debug */,
				6E84F4D91E049C3A00D4E603 /* Release */,
			);
			defaultConfigurationIsVisible = 0;
		};
/* End XCConfigurationList section */

/* Begin XCVersionGroup section */
		6E84F4CC1E049C3A00D4E603 /* Final_Fantasy_Trivia.xcdatamodeld */ = {
			isa = XCVersionGroup;
			children = (
				6E84F4CD1E049C3A00D4E603 /* Final_Fantasy_Trivia.xcdatamodel */,
			);
			currentVersion = 6E84F4CD1E049C3A00D4E603 /* Final_Fantasy_Trivia.xcdatamodel */;
			path = Final_Fantasy_Trivia.xcdatamodeld;
			sourceTree = "<group>";
			versionGroupType = wrapper.xcdatamodel;
		};
/* End XCVersionGroup section */
	};
	rootObject = 6E84F4BA1E049C3A00D4E603 /* Project object */;
}
